
Microsoft Visual Studio Solution File, Format Version 12.00
# Visual Studio 15
Project("{FAE04EC0-301F-11D3-BF4B-00C04F79EFBC}") = "Zenject", "Zenject.csproj", "{F54CBD4C-45BB-E487-5E38-8CAE9AE46288}"
EndProject
Project("{FAE04EC0-301F-11D3-BF4B-00C04F79EFBC}") = "Zenject-UnitTests-Editor", "Zenject-UnitTests-Editor.csproj", "{9DA665D8-4837-DF8A-4824-FA6B3D24AF24}"
EndProject
Project("{FAE04EC0-301F-11D3-BF4B-00C04F79EFBC}") = "Zenject-IntegrationTests", "Zenject-IntegrationTests.csproj", "{37458E72-6FB2-62E2-D04A-4B2D8AE13E3D}"
EndProject
Project("{FAE04EC0-301F-11D3-BF4B-00C04F79EFBC}") = "Zenject-IntegrationTests-Editor", "Zenject-IntegrationTests-Editor.csproj", "{B80F2EC6-54D7-04C0-5FEE-80C798C8BC45}"
EndProject
Project("{FAE04EC0-301F-11D3-BF4B-00C04F79EFBC}") = "Zenject-ReflectionBaking-Editor", "Zenject-ReflectionBaking-Editor.csproj", "{ADAD6453-7240-4A1E-D8C7-2DEBE7F3F49C}"
EndProject
Project("{FAE04EC0-301F-11D3-BF4B-00C04F79EFBC}") = "Zenject-Editor", "Zenject-Editor.csproj", "{58481970-49F9-6985-62C9-681867306075}"
EndProject
Project("{FAE04EC0-301F-11D3-BF4B-00C04F79EFBC}") = "Assembly-CSharp", "Assembly-CSharp.csproj", "{0AB39ACD-2EE6-E15C-4D2B-642E1651D37D}"
EndProject
Project("{FAE04EC0-301F-11D3-BF4B-00C04F79EFBC}") = "Zenject-TestFramework", "Zenject-TestFramework.csproj", "{927FF0C1-8F4A-FD49-CF37-CC9AD9EAC202}"
EndProject
Project("{FAE04EC0-301F-11D3-BF4B-00C04F79EFBC}") = "Zenject-PoolMonitor-Editor", "Zenject-PoolMonitor-Editor.csproj", "{3EA9DCA1-1862-AFF0-1C5D-0CCFEF5D0870}"
EndProject
Global
	GlobalSection(SolutionConfigurationPlatforms) = preSolution
		Debug|Any CPU = Debug|Any CPU
		Release|Any CPU = Release|Any CPU
	EndGlobalSection
	GlobalSection(ProjectConfigurationPlatforms) = postSolution
		{F54CBD4C-45BB-E487-5E38-8CAE9AE46288}.Debug|Any CPU.ActiveCfg = Debug|Any CPU
		{F54CBD4C-45BB-E487-5E38-8CAE9AE46288}.Debug|Any CPU.Build.0 = Debug|Any CPU
		{F54CBD4C-45BB-E487-5E38-8CAE9AE46288}.Release|Any CPU.ActiveCfg = Release|Any CPU
		{F54CBD4C-45BB-E487-5E38-8CAE9AE46288}.Release|Any CPU.Build.0 = Release|Any CPU
		{9DA665D8-4837-DF8A-4824-FA6B3D24AF24}.Debug|Any CPU.ActiveCfg = Debug|Any CPU
		{9DA665D8-4837-DF8A-4824-FA6B3D24AF24}.Debug|Any CPU.Build.0 = Debug|Any CPU
		{9DA665D8-4837-DF8A-4824-FA6B3D24AF24}.Release|Any CPU.ActiveCfg = Release|Any CPU
		{9DA665D8-4837-DF8A-4824-FA6B3D24AF24}.Release|Any CPU.Build.0 = Release|Any CPU
		{37458E72-6FB2-62E2-D04A-4B2D8AE13E3D}.Debug|Any CPU.ActiveCfg = Debug|Any CPU
		{37458E72-6FB2-62E2-D04A-4B2D8AE13E3D}.Debug|Any CPU.Build.0 = Debug|Any CPU
		{37458E72-6FB2-62E2-D04A-4B2D8AE13E3D}.Release|Any CPU.ActiveCfg = Release|Any CPU
		{37458E72-6FB2-62E2-D04A-4B2D8AE13E3D}.Release|Any CPU.Build.0 = Release|Any CPU
		{B80F2EC6-54D7-04C0-5FEE-80C798C8BC45}.Debug|Any CPU.ActiveCfg = Debug|Any CPU
		{B80F2EC6-54D7-04C0-5FEE-80C798C8BC45}.Debug|Any CPU.Build.0 = Debug|Any CPU
		{B80F2EC6-54D7-04C0-5FEE-80C798C8BC45}.Release|Any CPU.ActiveCfg = Release|Any CPU
		{B80F2EC6-54D7-04C0-5FEE-80C798C8BC45}.Release|Any CPU.Build.0 = Release|Any CPU
		{ADAD6453-7240-4A1E-D8C7-2DEBE7F3F49C}.Debug|Any CPU.ActiveCfg = Debug|Any CPU
		{ADAD6453-7240-4A1E-D8C7-2DEBE7F3F49C}.Debug|Any CPU.Build.0 = Debug|Any CPU
		{ADAD6453-7240-4A1E-D8C7-2DEBE7F3F49C}.Release|Any CPU.ActiveCfg = Release|Any CPU
		{ADAD6453-7240-4A1E-D8C7-2DEBE7F3F49C}.Release|Any CPU.Build.0 = Release|Any CPU
		{58481970-49F9-6985-62C9-681867306075}.Debug|Any CPU.ActiveCfg = Debug|Any CPU
		{58481970-49F9-6985-62C9-681867306075}.Debug|Any CPU.Build.0 = Debug|Any CPU
		{58481970-49F9-6985-62C9-681867306075}.Release|Any CPU.ActiveCfg = Release|Any CPU
		{58481970-49F9-6985-62C9-681867306075}.Release|Any CPU.Build.0 = Release|Any CPU
		{0AB39ACD-2EE6-E15C-4D2B-642E1651D37D}.Debug|Any CPU.ActiveCfg = Debug|Any CPU
		{0AB39ACD-2EE6-E15C-4D2B-642E1651D37D}.Debug|Any CPU.Build.0 = Debug|Any CPU
		{0AB39ACD-2EE6-E15C-4D2B-642E1651D37D}.Release|Any CPU.ActiveCfg = Release|Any CPU
		{0AB39ACD-2EE6-E15C-4D2B-642E1651D37D}.Release|Any CPU.Build.0 = Release|Any CPU
		{927FF0C1-8F4A-FD49-CF37-CC9AD9EAC202}.Debug|Any CPU.ActiveCfg = Debug|Any CPU
		{927FF0C1-8F4A-FD49-CF37-CC9AD9EAC202}.Debug|Any CPU.Build.0 = Debug|Any CPU
		{927FF0C1-8F4A-FD49-CF37-CC9AD9EAC202}.Release|Any CPU.ActiveCfg = Release|Any CPU
		{927FF0C1-8F4A-FD49-CF37-CC9AD9EAC202}.Release|Any CPU.Build.0 = Release|Any CPU
		{3EA9DCA1-1862-AFF0-1C5D-0CCFEF5D0870}.Debug|Any CPU.ActiveCfg = Debug|Any CPU
		{3EA9DCA1-1862-AFF0-1C5D-0CCFEF5D0870}.Debug|Any CPU.Build.0 = Debug|Any CPU
		{3EA9DCA1-1862-AFF0-1C5D-0CCFEF5D0870}.Release|Any CPU.ActiveCfg = Release|Any CPU
		{3EA9DCA1-1862-AFF0-1C5D-0CCFEF5D0870}.Release|Any CPU.Build.0 = Release|Any CPU
	EndGlobalSection
	GlobalSection(SolutionProperties) = preSolution
		HideSolutionNode = FALSE
	EndGlobalSection
EndGlobal
